Microsoft Visual Studio Solution File, Format Version 12.00
# Visual Studio Version 17
VisualStudioVersion = 17.7.33906.173
MinimumVisualStudioVersion = 10.0.40219.1
Project("{9A19103F-16F7-4668-BE54-9A1E7A4F7556}") = "IronRuby.Tests", "Src\IronRuby.Tests\IronRuby.Tests.csproj", "{8103D91B-89D8-4A18-9A40-426992602EA2}"
EndProject
Project("{9A19103F-16F7-4668-BE54-9A1E7A4F7556}") = "Ruby", "Src\Ruby\Ruby.csproj", "{7F6984B4-EE6D-4E6F-ABB1-E210D7DC4FDD}"
EndProject
Project("{9A19103F-16F7-4668-BE54-9A1E7A4F7556}") = "Ruby.Console", "Src\Console\Ruby.Console.csproj", "{D6AB587D-A888-4B98-85AC-F15E36F53838}"
EndProject
Project("{9A19103F-16F7-4668-BE54-9A1E7A4F7556}") = "ClassInitGenerator", "Src\ClassInitGenerator\ClassInitGenerator.csproj", "{166940A1-2C91-4BD0-B72B-A517FBD8BF0B}"
EndProject
Project("{9A19103F-16F7-4668-BE54-9A1E7A4F7556}") = "IronRuby.Libraries", "Src\Libraries\IronRuby.Libraries.csproj", "{77323B06-15A2-4CF4-8A7A-86EAA2B66498}"
EndProject
Project("{9A19103F-16F7-4668-BE54-9A1E7A4F7556}") = "IronRuby.Libraries.Yaml", "Src\Libraries.Yaml\IronRuby.Libraries.Yaml.csproj", "{AA18A245-E342-4368-A474-83178311A742}"
EndProject
Project("{2150E333-8FDC-42A3-9474-1A3956D46DE8}") = "Solution Items", "Solution Items", "{A6B6A5B5-335A-4515-8535-954DE8A953EF}"
	ProjectSection(SolutionItems) = preProject
		.gitattributes = .gitattributes
		.gitignore = .gitignore
		.github\workflows\build.yml = .github\workflows\build.yml
		Src\Scripts\CodeGenerator.rb = Src\Scripts\CodeGenerator.rb
		Directory.Build.props = Directory.Build.props
		global.json = global.json
		logo.png = logo.png
		README.md = README.md
	EndProjectSection
EndProject
Project("{9A19103F-16F7-4668-BE54-9A1E7A4F7556}") = "Ruby.WinConsole", "Src\WinConsole\Ruby.WinConsole.csproj", "{B17FEFC8-EA7C-4CFA-B46E-B9003CE1F329}"
EndProject
Project("{2150E333-8FDC-42A3-9474-1A3956D46DE8}") = "Build", "Build", "{BBF4E796-17F9-4B55-A144-5CE412991105}"
	ProjectSection(SolutionItems) = preProject
		Build\Key.snk = Build\Key.snk
		Build\net35.props = Build\net35.props
		Build\net40.props = Build\net40.props
		Build\netstandard2.0.props = Build\netstandard2.0.props
		Build\sl5.props = Build\sl5.props
	EndProjectSection
EndProject
Project("{2150E333-8FDC-42A3-9474-1A3956D46DE8}") = "src", "src", "{A9438551-7FB0-4E3E-A6BF-68FBD4B802FA}"
EndProject
Project("{2150E333-8FDC-42A3-9474-1A3956D46DE8}") = "IronRuby", "IronRuby", "{E938645C-A896-4599-8EE7-D3640BE1E351}"
EndProject
Project("{2150E333-8FDC-42A3-9474-1A3956D46DE8}") = "tools", "tools", "{92F01127-5D4A-427B-905A-23A961D98C52}"
EndProject
Project("{2150E333-8FDC-42A3-9474-1A3956D46DE8}") = "test", "test", "{96092F10-F8B3-437E-9415-73B4D7984255}"
EndProject
Project("{9A19103F-16F7-4668-BE54-9A1E7A4F7556}") = "StdLib", "Src\StdLib\StdLib.csproj", "{8A16B644-ED46-488A-A01E-6D107A08E70C}"
EndProject
Global
	GlobalSection(SolutionConfigurationPlatforms) = preSolution
		Debug|Any CPU = Debug|Any CPU
		Debug|x86 = Debug|x86
		FxCop|Any CPU = FxCop|Any CPU
		FxCop|x86 = FxCop|x86
		Release|Any CPU = Release|Any CPU
		Release|x86 = Release|x86
		Silverlight3Debug|Any CPU = Silverlight3Debug|Any CPU
		Silverlight3Debug|x86 = Silverlight3Debug|x86
		Silverlight3Release|Any CPU = Silverlight3Release|Any CPU
		Silverlight3Release|x86 = Silverlight3Release|x86
		Silverlight4Debug|Any CPU = Silverlight4Debug|Any CPU
		Silverlight4Debug|x86 = Silverlight4Debug|x86
		Silverlight4Release|Any CPU = Silverlight4Release|Any CPU
		Silverlight4Release|x86 = Silverlight4Release|x86
		v2Debug|Any CPU = v2Debug|Any CPU
		v2Debug|x86 = v2Debug|x86
		v2Release|Any CPU = v2Release|Any CPU
		v2Release|x86 = v2Release|x86
	EndGlobalSection
	GlobalSection(ProjectConfigurationPlatforms) = postSolution
		{8103D91B-89D8-4A18-9A40-426992602EA2}.Debug|Any CPU.ActiveCfg = Debug|Any CPU
		{8103D91B-89D8-4A18-9A40-426992602EA2}.Debug|Any CPU.Build.0 = Debug|Any CPU
		{8103D91B-89D8-4A18-9A40-426992602EA2}.Debug|x86.ActiveCfg = Debug|Any CPU
		{8103D91B-89D8-4A18-9A40-426992602EA2}.Debug|x86.Build.0 = Debug|Any CPU
		{8103D91B-89D8-4A18-9A40-426992602EA2}.FxCop|Any CPU.ActiveCfg = v2Release|Any CPU
		{8103D91B-89D8-4A18-9A40-426992602EA2}.FxCop|Any CPU.Build.0 = v2Release|Any CPU
		{8103D91B-89D8-4A18-9A40-426992602EA2}.FxCop|x86.ActiveCfg = v2Debug|Any CPU
		{8103D91B-89D8-4A18-9A40-426992602EA2}.FxCop|x86.Build.0 = v2Debug|Any CPU
		{8103D91B-89D8-4A18-9A40-426992602EA2}.Release|Any CPU.ActiveCfg = Release|Any CPU
		{8103D91B-89D8-4A18-9A40-426992602EA2}.Release|Any CPU.Build.0 = Release|Any CPU
		{8103D91B-89D8-4A18-9A40-426992602EA2}.Release|x86.ActiveCfg = Release|Any CPU
		{8103D91B-89D8-4A18-9A40-426992602EA2}.Release|x86.Build.0 = Release|Any CPU
		{8103D91B-89D8-4A18-9A40-426992602EA2}.Silverlight3Debug|Any CPU.ActiveCfg = v2Debug|Any CPU
		{8103D91B-89D8-4A18-9A40-426992602EA2}.Silverlight3Debug|x86.ActiveCfg = Debug|Any CPU
		{8103D91B-89D8-4A18-9A40-426992602EA2}.Silverlight3Debug|x86.Build.0 = Debug|Any CPU
		{8103D91B-89D8-4A18-9A40-426992602EA2}.Silverlight3Release|Any CPU.ActiveCfg = v2Release|Any CPU
		{8103D91B-89D8-4A18-9A40-426992602EA2}.Silverlight3Release|x86.ActiveCfg = Release|Any CPU
		{8103D91B-89D8-4A18-9A40-426992602EA2}.Silverlight3Release|x86.Build.0 = Release|Any CPU
		{8103D91B-89D8-4A18-9A40-426992602EA2}.Silverlight4Debug|Any CPU.ActiveCfg = v2Debug|Any CPU
		{8103D91B-89D8-4A18-9A40-426992602EA2}.Silverlight4Debug|x86.ActiveCfg = Debug|Any CPU
		{8103D91B-89D8-4A18-9A40-426992602EA2}.Silverlight4Debug|x86.Build.0 = Debug|Any CPU
		{8103D91B-89D8-4A18-9A40-426992602EA2}.Silverlight4Release|Any CPU.ActiveCfg = v2Release|Any CPU
		{8103D91B-89D8-4A18-9A40-426992602EA2}.Silverlight4Release|x86.ActiveCfg = Release|Any CPU
		{8103D91B-89D8-4A18-9A40-426992602EA2}.Silverlight4Release|x86.Build.0 = Release|Any CPU
		{8103D91B-89D8-4A18-9A40-426992602EA2}.v2Debug|Any CPU.ActiveCfg = v2Debug|Any CPU
		{8103D91B-89D8-4A18-9A40-426992602EA2}.v2Debug|Any CPU.Build.0 = v2Debug|Any CPU
		{8103D91B-89D8-4A18-9A40-426992602EA2}.v2Debug|x86.ActiveCfg = v2Debug|Any CPU
		{8103D91B-89D8-4A18-9A40-426992602EA2}.v2Debug|x86.Build.0 = v2Debug|Any CPU
		{8103D91B-89D8-4A18-9A40-426992602EA2}.v2Release|Any CPU.ActiveCfg = v2Release|Any CPU
		{8103D91B-89D8-4A18-9A40-426992602EA2}.v2Release|Any CPU.Build.0 = v2Release|Any CPU
		{8103D91B-89D8-4A18-9A40-426992602EA2}.v2Release|x86.ActiveCfg = v2Release|Any CPU
		{8103D91B-89D8-4A18-9A40-426992602EA2}.v2Release|x86.Build.0 = v2Release|Any CPU
		{7F6984B4-EE6D-4E6F-ABB1-E210D7DC4FDD}.Debug|Any CPU.ActiveCfg = Debug|Any CPU
		{7F6984B4-EE6D-4E6F-ABB1-E210D7DC4FDD}.Debug|Any CPU.Build.0 = Debug|Any CPU
		{7F6984B4-EE6D-4E6F-ABB1-E210D7DC4FDD}.Debug|x86.ActiveCfg = Debug|Any CPU
		{7F6984B4-EE6D-4E6F-ABB1-E210D7DC4FDD}.Debug|x86.Build.0 = Debug|Any CPU
		{7F6984B4-EE6D-4E6F-ABB1-E210D7DC4FDD}.FxCop|Any CPU.ActiveCfg = FxCop|Any CPU
		{7F6984B4-EE6D-4E6F-ABB1-E210D7DC4FDD}.FxCop|Any CPU.Build.0 = FxCop|Any CPU
		{7F6984B4-EE6D-4E6F-ABB1-E210D7DC4FDD}.FxCop|x86.ActiveCfg = FxCop|Any CPU
		{7F6984B4-EE6D-4E6F-ABB1-E210D7DC4FDD}.FxCop|x86.Build.0 = FxCop|Any CPU
		{7F6984B4-EE6D-4E6F-ABB1-E210D7DC4FDD}.Release|Any CPU.ActiveCfg = Release|Any CPU
		{7F6984B4-EE6D-4E6F-ABB1-E210D7DC4FDD}.Release|Any CPU.Build.0 = Release|Any CPU
		{7F6984B4-EE6D-4E6F-ABB1-E210D7DC4FDD}.Release|x86.ActiveCfg = Release|Any CPU
		{7F6984B4-EE6D-4E6F-ABB1-E210D7DC4FDD}.Release|x86.Build.0 = Release|Any CPU
		{7F6984B4-EE6D-4E6F-ABB1-E210D7DC4FDD}.Silverlight3Debug|Any CPU.ActiveCfg = Silverlight3Debug|Any CPU
		{7F6984B4-EE6D-4E6F-ABB1-E210D7DC4FDD}.Silverlight3Debug|Any CPU.Build.0 = Silverlight3Debug|Any CPU
		{7F6984B4-EE6D-4E6F-ABB1-E210D7DC4FDD}.Silverlight3Debug|x86.ActiveCfg = Silverlight3Debug|Any CPU
		{7F6984B4-EE6D-4E6F-ABB1-E210D7DC4FDD}.Silverlight3Debug|x86.Build.0 = Silverlight3Debug|Any CPU
		{7F6984B4-EE6D-4E6F-ABB1-E210D7DC4FDD}.Silverlight3Release|Any CPU.ActiveCfg = Silverlight3Release|Any CPU
		{7F6984B4-EE6D-4E6F-ABB1-E210D7DC4FDD}.Silverlight3Release|Any CPU.Build.0 = Silverlight3Release|Any CPU
		{7F6984B4-EE6D-4E6F-ABB1-E210D7DC4FDD}.Silverlight3Release|x86.ActiveCfg = Silverlight3Release|Any CPU
		{7F6984B4-EE6D-4E6F-ABB1-E210D7DC4FDD}.Silverlight3Release|x86.Build.0 = Silverlight3Release|Any CPU
		{7F6984B4-EE6D-4E6F-ABB1-E210D7DC4FDD}.Silverlight4Debug|Any CPU.ActiveCfg = Silverlight4Debug|Any CPU
		{7F6984B4-EE6D-4E6F-ABB1-E210D7DC4FDD}.Silverlight4Debug|Any CPU.Build.0 = Silverlight4Debug|Any CPU
		{7F6984B4-EE6D-4E6F-ABB1-E210D7DC4FDD}.Silverlight4Debug|x86.ActiveCfg = Silverlight4Debug|Any CPU
		{7F6984B4-EE6D-4E6F-ABB1-E210D7DC4FDD}.Silverlight4Debug|x86.Build.0 = Silverlight4Debug|Any CPU
		{7F6984B4-EE6D-4E6F-ABB1-E210D7DC4FDD}.Silverlight4Release|Any CPU.ActiveCfg = Silverlight4Release|Any CPU
		{7F6984B4-EE6D-4E6F-ABB1-E210D7DC4FDD}.Silverlight4Release|Any CPU.Build.0 = Silverlight4Release|Any CPU
		{7F6984B4-EE6D-4E6F-ABB1-E210D7DC4FDD}.Silverlight4Release|x86.ActiveCfg = Silverlight4Release|Any CPU
		{7F6984B4-EE6D-4E6F-ABB1-E210D7DC4FDD}.Silverlight4Release|x86.Build.0 = Silverlight4Release|Any CPU
		{7F6984B4-EE6D-4E6F-ABB1-E210D7DC4FDD}.v2Debug|Any CPU.ActiveCfg = v2Debug|Any CPU
		{7F6984B4-EE6D-4E6F-ABB1-E210D7DC4FDD}.v2Debug|Any CPU.Build.0 = v2Debug|Any CPU
		{7F6984B4-EE6D-4E6F-ABB1-E210D7DC4FDD}.v2Debug|x86.ActiveCfg = v2Debug|Any CPU
		{7F6984B4-EE6D-4E6F-ABB1-E210D7DC4FDD}.v2Debug|x86.Build.0 = v2Debug|Any CPU
		{7F6984B4-EE6D-4E6F-ABB1-E210D7DC4FDD}.v2Release|Any CPU.ActiveCfg = v2Release|Any CPU
		{7F6984B4-EE6D-4E6F-ABB1-E210D7DC4FDD}.v2Release|Any CPU.Build.0 = v2Release|Any CPU
		{7F6984B4-EE6D-4E6F-ABB1-E210D7DC4FDD}.v2Release|x86.ActiveCfg = v2Release|Any CPU
		{7F6984B4-EE6D-4E6F-ABB1-E210D7DC4FDD}.v2Release|x86.Build.0 = v2Release|Any CPU
		{D6AB587D-A888-4B98-85AC-F15E36F53838}.Debug|Any CPU.ActiveCfg = Debug|Any CPU
		{D6AB587D-A888-4B98-85AC-F15E36F53838}.Debug|Any CPU.Build.0 = Debug|Any CPU
		{D6AB587D-A888-4B98-85AC-F15E36F53838}.Debug|x86.ActiveCfg = Debug|Any CPU
		{D6AB587D-A888-4B98-85AC-F15E36F53838}.Debug|x86.Build.0 = Debug|Any CPU
		{D6AB587D-A888-4B98-85AC-F15E36F53838}.FxCop|Any CPU.ActiveCfg = v2Release|Any CPU
		{D6AB587D-A888-4B98-85AC-F15E36F53838}.FxCop|Any CPU.Build.0 = v2Release|Any CPU
		{D6AB587D-A888-4B98-85AC-F15E36F53838}.FxCop|x86.ActiveCfg = v2Debug|Any CPU
		{D6AB587D-A888-4B98-85AC-F15E36F53838}.FxCop|x86.Build.0 = v2Debug|Any CPU
		{D6AB587D-A888-4B98-85AC-F15E36F53838}.Release|Any CPU.ActiveCfg = Release|Any CPU
		{D6AB587D-A888-4B98-85AC-F15E36F53838}.Release|Any CPU.Build.0 = Release|Any CPU
		{D6AB587D-A888-4B98-85AC-F15E36F53838}.Release|x86.ActiveCfg = Release|Any CPU
		{D6AB587D-A888-4B98-85AC-F15E36F53838}.Release|x86.Build.0 = Release|Any CPU
		{D6AB587D-A888-4B98-85AC-F15E36F53838}.Silverlight3Debug|Any CPU.ActiveCfg = v2Debug|Any CPU
		{D6AB587D-A888-4B98-85AC-F15E36F53838}.Silverlight3Debug|x86.ActiveCfg = Debug|Any CPU
		{D6AB587D-A888-4B98-85AC-F15E36F53838}.Silverlight3Debug|x86.Build.0 = Debug|Any CPU
		{D6AB587D-A888-4B98-85AC-F15E36F53838}.Silverlight3Release|Any CPU.ActiveCfg = v2Release|Any CPU
		{D6AB587D-A888-4B98-85AC-F15E36F53838}.Silverlight3Release|x86.ActiveCfg = Release|Any CPU
		{D6AB587D-A888-4B98-85AC-F15E36F53838}.Silverlight3Release|x86.Build.0 = Release|Any CPU
		{D6AB587D-A888-4B98-85AC-F15E36F53838}.Silverlight4Debug|Any CPU.ActiveCfg = v2Debug|Any CPU
		{D6AB587D-A888-4B98-85AC-F15E36F53838}.Silverlight4Debug|x86.ActiveCfg = Debug|Any CPU
		{D6AB587D-A888-4B98-85AC-F15E36F53838}.Silverlight4Debug|x86.Build.0 = Debug|Any CPU
		{D6AB587D-A888-4B98-85AC-F15E36F53838}.Silverlight4Release|Any CPU.ActiveCfg = v2Release|Any CPU
		{D6AB587D-A888-4B98-85AC-F15E36F53838}.Silverlight4Release|x86.ActiveCfg = Release|Any CPU
		{D6AB587D-A888-4B98-85AC-F15E36F53838}.Silverlight4Release|x86.Build.0 = Release|Any CPU
		{D6AB587D-A888-4B98-85AC-F15E36F53838}.v2Debug|Any CPU.ActiveCfg = v2Debug|Any CPU
		{D6AB587D-A888-4B98-85AC-F15E36F53838}.v2Debug|Any CPU.Build.0 = v2Debug|Any CPU
		{D6AB587D-A888-4B98-85AC-F15E36F53838}.v2Debug|x86.ActiveCfg = v2Debug|Any CPU
		{D6AB587D-A888-4B98-85AC-F15E36F53838}.v2Debug|x86.Build.0 = v2Debug|Any CPU
		{D6AB587D-A888-4B98-85AC-F15E36F53838}.v2Release|Any CPU.ActiveCfg = v2Release|Any CPU
		{D6AB587D-A888-4B98-85AC-F15E36F53838}.v2Release|Any CPU.Build.0 = v2Release|Any CPU
		{D6AB587D-A888-4B98-85AC-F15E36F53838}.v2Release|x86.ActiveCfg = v2Release|Any CPU
		{D6AB587D-A888-4B98-85AC-F15E36F53838}.v2Release|x86.Build.0 = v2Release|Any CPU
		{166940A1-2C91-4BD0-B72B-A517FBD8BF0B}.Debug|Any CPU.ActiveCfg = Debug|Any CPU
		{166940A1-2C91-4BD0-B72B-A517FBD8BF0B}.Debug|Any CPU.Build.0 = Debug|Any CPU
		{166940A1-2C91-4BD0-B72B-A517FBD8BF0B}.Debug|x86.ActiveCfg = Debug|Any CPU
		{166940A1-2C91-4BD0-B72B-A517FBD8BF0B}.Debug|x86.Build.0 = Debug|Any CPU
		{166940A1-2C91-4BD0-B72B-A517FBD8BF0B}.FxCop|Any CPU.ActiveCfg = v2Release|Any CPU
		{166940A1-2C91-4BD0-B72B-A517FBD8BF0B}.FxCop|Any CPU.Build.0 = v2Release|Any CPU
		{166940A1-2C91-4BD0-B72B-A517FBD8BF0B}.FxCop|x86.ActiveCfg = v2Debug|Any CPU
		{166940A1-2C91-4BD0-B72B-A517FBD8BF0B}.FxCop|x86.Build.0 = v2Debug|Any CPU
		{166940A1-2C91-4BD0-B72B-A517FBD8BF0B}.Release|Any CPU.ActiveCfg = Release|Any CPU
		{166940A1-2C91-4BD0-B72B-A517FBD8BF0B}.Release|Any CPU.Build.0 = Release|Any CPU
		{166940A1-2C91-4BD0-B72B-A517FBD8BF0B}.Release|x86.ActiveCfg = Release|Any CPU
		{166940A1-2C91-4BD0-B72B-A517FBD8BF0B}.Release|x86.Build.0 = Release|Any CPU
		{166940A1-2C91-4BD0-B72B-A517FBD8BF0B}.Silverlight3Debug|Any CPU.ActiveCfg = v2Debug|Any CPU
		{166940A1-2C91-4BD0-B72B-A517FBD8BF0B}.Silverlight3Debug|x86.ActiveCfg = Debug|Any CPU
		{166940A1-2C91-4BD0-B72B-A517FBD8BF0B}.Silverlight3Debug|x86.Build.0 = Debug|Any CPU
		{166940A1-2C91-4BD0-B72B-A517FBD8BF0B}.Silverlight3Release|Any CPU.ActiveCfg = v2Release|Any CPU
		{166940A1-2C91-4BD0-B72B-A517FBD8BF0B}.Silverlight3Release|x86.ActiveCfg = Release|Any CPU
		{166940A1-2C91-4BD0-B72B-A517FBD8BF0B}.Silverlight3Release|x86.Build.0 = Release|Any CPU
		{166940A1-2C91-4BD0-B72B-A517FBD8BF0B}.Silverlight4Debug|Any CPU.ActiveCfg = v2Debug|Any CPU
		{166940A1-2C91-4BD0-B72B-A517FBD8BF0B}.Silverlight4Debug|x86.ActiveCfg = Debug|Any CPU
		{166940A1-2C91-4BD0-B72B-A517FBD8BF0B}.Silverlight4Debug|x86.Build.0 = Debug|Any CPU
		{166940A1-2C91-4BD0-B72B-A517FBD8BF0B}.Silverlight4Release|Any CPU.ActiveCfg = v2Release|Any CPU
		{166940A1-2C91-4BD0-B72B-A517FBD8BF0B}.Silverlight4Release|x86.ActiveCfg = Release|Any CPU
		{166940A1-2C91-4BD0-B72B-A517FBD8BF0B}.Silverlight4Release|x86.Build.0 = Release|Any CPU
		{166940A1-2C91-4BD0-B72B-A517FBD8BF0B}.v2Debug|Any CPU.ActiveCfg = v2Debug|Any CPU
		{166940A1-2C91-4BD0-B72B-A517FBD8BF0B}.v2Debug|Any CPU.Build.0 = v2Debug|Any CPU
		{166940A1-2C91-4BD0-B72B-A517FBD8BF0B}.v2Debug|x86.ActiveCfg = v2Debug|Any CPU
		{166940A1-2C91-4BD0-B72B-A517FBD8BF0B}.v2Debug|x86.Build.0 = v2Debug|Any CPU
		{166940A1-2C91-4BD0-B72B-A517FBD8BF0B}.v2Release|Any CPU.ActiveCfg = v2Release|Any CPU
		{166940A1-2C91-4BD0-B72B-A517FBD8BF0B}.v2Release|Any CPU.Build.0 = v2Release|Any CPU
		{166940A1-2C91-4BD0-B72B-A517FBD8BF0B}.v2Release|x86.ActiveCfg = v2Release|Any CPU
		{166940A1-2C91-4BD0-B72B-A517FBD8BF0B}.v2Release|x86.Build.0 = v2Release|Any CPU
		{77323B06-15A2-4CF4-8A7A-86EAA2B66498}.Debug|Any CPU.ActiveCfg = Debug|Any CPU
		{77323B06-15A2-4CF4-8A7A-86EAA2B66498}.Debug|Any CPU.Build.0 = Debug|Any CPU
		{77323B06-15A2-4CF4-8A7A-86EAA2B66498}.Debug|x86.ActiveCfg = Debug|Any CPU
		{77323B06-15A2-4CF4-8A7A-86EAA2B66498}.Debug|x86.Build.0 = Debug|Any CPU
		{77323B06-15A2-4CF4-8A7A-86EAA2B66498}.FxCop|Any CPU.ActiveCfg = v2Release|Any CPU
		{77323B06-15A2-4CF4-8A7A-86EAA2B66498}.FxCop|Any CPU.Build.0 = v2Release|Any CPU
		{77323B06-15A2-4CF4-8A7A-86EAA2B66498}.FxCop|x86.ActiveCfg = v2Debug|Any CPU
		{77323B06-15A2-4CF4-8A7A-86EAA2B66498}.FxCop|x86.Build.0 = v2Debug|Any CPU
		{77323B06-15A2-4CF4-8A7A-86EAA2B66498}.Release|Any CPU.ActiveCfg = Release|Any CPU
		{77323B06-15A2-4CF4-8A7A-86EAA2B66498}.Release|Any CPU.Build.0 = Release|Any CPU
		{77323B06-15A2-4CF4-8A7A-86EAA2B66498}.Release|x86.ActiveCfg = Release|Any CPU
		{77323B06-15A2-4CF4-8A7A-86EAA2B66498}.Release|x86.Build.0 = Release|Any CPU
		{77323B06-15A2-4CF4-8A7A-86EAA2B66498}.Silverlight3Debug|Any CPU.ActiveCfg = Silverlight3Debug|Any CPU
		{77323B06-15A2-4CF4-8A7A-86EAA2B66498}.Silverlight3Debug|Any CPU.Build.0 = Silverlight3Debug|Any CPU
		{77323B06-15A2-4CF4-8A7A-86EAA2B66498}.Silverlight3Debug|x86.ActiveCfg = Silverlight3Debug|Any CPU
		{77323B06-15A2-4CF4-8A7A-86EAA2B66498}.Silverlight3Debug|x86.Build.0 = Silverlight3Debug|Any CPU
		{77323B06-15A2-4CF4-8A7A-86EAA2B66498}.Silverlight3Release|Any CPU.ActiveCfg = Silverlight3Release|Any CPU
		{77323B06-15A2-4CF4-8A7A-86EAA2B66498}.Silverlight3Release|Any CPU.Build.0 = Silverlight3Release|Any CPU
		{77323B06-15A2-4CF4-8A7A-86EAA2B66498}.Silverlight3Release|x86.ActiveCfg = Silverlight3Release|Any CPU
		{77323B06-15A2-4CF4-8A7A-86EAA2B66498}.Silverlight3Release|x86.Build.0 = Silverlight3Release|Any CPU
		{77323B06-15A2-4CF4-8A7A-86EAA2B66498}.Silverlight4Debug|Any CPU.ActiveCfg = Silverlight4Debug|Any CPU
		{77323B06-15A2-4CF4-8A7A-86EAA2B66498}.Silverlight4Debug|Any CPU.Build.0 = Silverlight4Debug|Any CPU
		{77323B06-15A2-4CF4-8A7A-86EAA2B66498}.Silverlight4Debug|x86.ActiveCfg = Silverlight4Debug|Any CPU
		{77323B06-15A2-4CF4-8A7A-86EAA2B66498}.Silverlight4Debug|x86.Build.0 = Silverlight4Debug|Any CPU
		{77323B06-15A2-4CF4-8A7A-86EAA2B66498}.Silverlight4Release|Any CPU.ActiveCfg = Silverlight4Release|Any CPU
		{77323B06-15A2-4CF4-8A7A-86EAA2B66498}.Silverlight4Release|Any CPU.Build.0 = Silverlight4Release|Any CPU
		{77323B06-15A2-4CF4-8A7A-86EAA2B66498}.Silverlight4Release|x86.ActiveCfg = Silverlight4Release|Any CPU
		{77323B06-15A2-4CF4-8A7A-86EAA2B66498}.Silverlight4Release|x86.Build.0 = Silverlight4Release|Any CPU
		{77323B06-15A2-4CF4-8A7A-86EAA2B66498}.v2Debug|Any CPU.ActiveCfg = v2Debug|Any CPU
		{77323B06-15A2-4CF4-8A7A-86EAA2B66498}.v2Debug|Any CPU.Build.0 = v2Debug|Any CPU
		{77323B06-15A2-4CF4-8A7A-86EAA2B66498}.v2Debug|x86.ActiveCfg = v2Debug|Any CPU
		{77323B06-15A2-4CF4-8A7A-86EAA2B66498}.v2Debug|x86.Build.0 = v2Debug|Any CPU
		{77323B06-15A2-4CF4-8A7A-86EAA2B66498}.v2Release|Any CPU.ActiveCfg = v2Release|Any CPU
		{77323B06-15A2-4CF4-8A7A-86EAA2B66498}.v2Release|Any CPU.Build.0 = v2Release|Any CPU
		{77323B06-15A2-4CF4-8A7A-86EAA2B66498}.v2Release|x86.ActiveCfg = v2Release|Any CPU
		{77323B06-15A2-4CF4-8A7A-86EAA2B66498}.v2Release|x86.Build.0 = v2Release|Any CPU
		{AA18A245-E342-4368-A474-83178311A742}.Debug|Any CPU.ActiveCfg = Debug|Any CPU
		{AA18A245-E342-4368-A474-83178311A742}.Debug|Any CPU.Build.0 = Debug|Any CPU
		{AA18A245-E342-4368-A474-83178311A742}.Debug|x86.ActiveCfg = Debug|Any CPU
		{AA18A245-E342-4368-A474-83178311A742}.Debug|x86.Build.0 = Debug|Any CPU
		{AA18A245-E342-4368-A474-83178311A742}.FxCop|Any CPU.ActiveCfg = v2Release|Any CPU
		{AA18A245-E342-4368-A474-83178311A742}.FxCop|Any CPU.Build.0 = v2Release|Any CPU
		{AA18A245-E342-4368-A474-83178311A742}.FxCop|x86.ActiveCfg = v2Debug|Any CPU
		{AA18A245-E342-4368-A474-83178311A742}.FxCop|x86.Build.0 = v2Debug|Any CPU
		{AA18A245-E342-4368-A474-83178311A742}.Release|Any CPU.ActiveCfg = Release|Any CPU
		{AA18A245-E342-4368-A474-83178311A742}.Release|Any CPU.Build.0 = Release|Any CPU
		{AA18A245-E342-4368-A474-83178311A742}.Release|x86.ActiveCfg = Release|Any CPU
		{AA18A245-E342-4368-A474-83178311A742}.Release|x86.Build.0 = Release|Any CPU
		{AA18A245-E342-4368-A474-83178311A742}.Silverlight3Debug|Any CPU.ActiveCfg = Silverlight3Debug|Any CPU
		{AA18A245-E342-4368-A474-83178311A742}.Silverlight3Debug|Any CPU.Build.0 = Silverlight3Debug|Any CPU
		{AA18A245-E342-4368-A474-83178311A742}.Silverlight3Debug|x86.ActiveCfg = Silverlight3Debug|Any CPU
		{AA18A245-E342-4368-A474-83178311A742}.Silverlight3Debug|x86.Build.0 = Silverlight3Debug|Any CPU
		{AA18A245-E342-4368-A474-83178311A742}.Silverlight3Release|Any CPU.ActiveCfg = Silverlight3Release|Any CPU
		{AA18A245-E342-4368-A474-83178311A742}.Silverlight3Release|Any CPU.Build.0 = Silverlight3Release|Any CPU
		{AA18A245-E342-4368-A474-83178311A742}.Silverlight3Release|x86.ActiveCfg = Silverlight3Release|Any CPU
		{AA18A245-E342-4368-A474-83178311A742}.Silverlight3Release|x86.Build.0 = Silverlight3Release|Any CPU
		{AA18A245-E342-4368-A474-83178311A742}.Silverlight4Debug|Any CPU.ActiveCfg = Silverlight4Debug|Any CPU
		{AA18A245-E342-4368-A474-83178311A742}.Silverlight4Debug|Any CPU.Build.0 = Silverlight4Debug|Any CPU
		{AA18A245-E342-4368-A474-83178311A742}.Silverlight4Debug|x86.ActiveCfg = Silverlight4Debug|Any CPU
		{AA18A245-E342-4368-A474-83178311A742}.Silverlight4Debug|x86.Build.0 = Silverlight4Debug|Any CPU
		{AA18A245-E342-4368-A474-83178311A742}.Silverlight4Release|Any CPU.ActiveCfg = Silverlight4Release|Any CPU
		{AA18A245-E342-4368-A474-83178311A742}.Silverlight4Release|Any CPU.Build.0 = Silverlight4Release|Any CPU
		{AA18A245-E342-4368-A474-83178311A742}.Silverlight4Release|x86.ActiveCfg = Silverlight4Release|Any CPU
		{AA18A245-E342-4368-A474-83178311A742}.Silverlight4Release|x86.Build.0 = Silverlight4Release|Any CPU
		{AA18A245-E342-4368-A474-83178311A742}.v2Debug|Any CPU.ActiveCfg = v2Debug|Any CPU
		{AA18A245-E342-4368-A474-83178311A742}.v2Debug|Any CPU.Build.0 = v2Debug|Any CPU
		{AA18A245-E342-4368-A474-83178311A742}.v2Debug|x86.ActiveCfg = v2Debug|Any CPU
		{AA18A245-E342-4368-A474-83178311A742}.v2Debug|x86.Build.0 = v2Debug|Any CPU
		{AA18A245-E342-4368-A474-83178311A742}.v2Release|Any CPU.ActiveCfg = v2Release|Any CPU
		{AA18A245-E342-4368-A474-83178311A742}.v2Release|Any CPU.Build.0 = v2Release|Any CPU
		{AA18A245-E342-4368-A474-83178311A742}.v2Release|x86.ActiveCfg = v2Release|Any CPU
		{AA18A245-E342-4368-A474-83178311A742}.v2Release|x86.Build.0 = v2Release|Any CPU
		{B17FEFC8-EA7C-4CFA-B46E-B9003CE1F329}.Debug|Any CPU.ActiveCfg = Debug|Any CPU
		{B17FEFC8-EA7C-4CFA-B46E-B9003CE1F329}.Debug|Any CPU.Build.0 = Debug|Any CPU
		{B17FEFC8-EA7C-4CFA-B46E-B9003CE1F329}.Debug|x86.ActiveCfg = Debug|Any CPU
		{B17FEFC8-EA7C-4CFA-B46E-B9003CE1F329}.Debug|x86.Build.0 = Debug|Any CPU
		{B17FEFC8-EA7C-4CFA-B46E-B9003CE1F329}.FxCop|Any CPU.ActiveCfg = FxCop|Any CPU
		{B17FEFC8-EA7C-4CFA-B46E-B9003CE1F329}.FxCop|Any CPU.Build.0 = FxCop|Any CPU
		{B17FEFC8-EA7C-4CFA-B46E-B9003CE1F329}.FxCop|x86.ActiveCfg = FxCop|Any CPU
		{B17FEFC8-EA7C-4CFA-B46E-B9003CE1F329}.FxCop|x86.Build.0 = FxCop|Any CPU
		{B17FEFC8-EA7C-4CFA-B46E-B9003CE1F329}.Release|Any CPU.ActiveCfg = Release|Any CPU
		{B17FEFC8-EA7C-4CFA-B46E-B9003CE1F329}.Release|Any CPU.Build.0 = Release|Any CPU
		{B17FEFC8-EA7C-4CFA-B46E-B9003CE1F329}.Release|x86.ActiveCfg = Release|Any CPU
		{B17FEFC8-EA7C-4CFA-B46E-B9003CE1F329}.Release|x86.Build.0 = Release|Any CPU
		{B17FEFC8-EA7C-4CFA-B46E-B9003CE1F329}.Silverlight3Debug|Any CPU.ActiveCfg = Debug|Any CPU
		{B17FEFC8-EA7C-4CFA-B46E-B9003CE1F329}.Silverlight3Debug|x86.ActiveCfg = Debug|Any CPU
		{B17FEFC8-EA7C-4CFA-B46E-B9003CE1F329}.Silverlight3Debug|x86.Build.0 = Debug|Any CPU
		{B17FEFC8-EA7C-4CFA-B46E-B9003CE1F329}.Silverlight3Release|Any CPU.ActiveCfg = Release|Any CPU
		{B17FEFC8-EA7C-4CFA-B46E-B9003CE1F329}.Silverlight3Release|x86.ActiveCfg = Release|Any CPU
		{B17FEFC8-EA7C-4CFA-B46E-B9003CE1F329}.Silverlight3Release|x86.Build.0 = Release|Any CPU
		{B17FEFC8-EA7C-4CFA-B46E-B9003CE1F329}.Silverlight4Debug|Any CPU.ActiveCfg = Debug|Any CPU
		{B17FEFC8-EA7C-4CFA-B46E-B9003CE1F329}.Silverlight4Debug|x86.ActiveCfg = Debug|Any CPU
		{B17FEFC8-EA7C-4CFA-B46E-B9003CE1F329}.Silverlight4Debug|x86.Build.0 = Debug|Any CPU
		{B17FEFC8-EA7C-4CFA-B46E-B9003CE1F329}.Silverlight4Release|Any CPU.ActiveCfg = Release|Any CPU
		{B17FEFC8-EA7C-4CFA-B46E-B9003CE1F329}.Silverlight4Release|x86.ActiveCfg = Release|Any CPU
		{B17FEFC8-EA7C-4CFA-B46E-B9003CE1F329}.Silverlight4Release|x86.Build.0 = Release|Any CPU
		{B17FEFC8-EA7C-4CFA-B46E-B9003CE1F329}.v2Debug|Any CPU.ActiveCfg = v2Debug|Any CPU
		{B17FEFC8-EA7C-4CFA-B46E-B9003CE1F329}.v2Debug|Any CPU.Build.0 = v2Debug|Any CPU
		{B17FEFC8-EA7C-4CFA-B46E-B9003CE1F329}.v2Debug|x86.ActiveCfg = v2Debug|Any CPU
		{B17FEFC8-EA7C-4CFA-B46E-B9003CE1F329}.v2Debug|x86.Build.0 = v2Debug|Any CPU
		{B17FEFC8-EA7C-4CFA-B46E-B9003CE1F329}.v2Release|Any CPU.ActiveCfg = v2Release|Any CPU
		{B17FEFC8-EA7C-4CFA-B46E-B9003CE1F329}.v2Release|Any CPU.Build.0 = v2Release|Any CPU
		{B17FEFC8-EA7C-4CFA-B46E-B9003CE1F329}.v2Release|x86.ActiveCfg = v2Release|Any CPU
		{B17FEFC8-EA7C-4CFA-B46E-B9003CE1F329}.v2Release|x86.Build.0 = v2Release|Any CPU
		{8A16B644-ED46-488A-A01E-6D107A08E70C}.Debug|Any CPU.ActiveCfg = Debug|Any CPU
		{8A16B644-ED46-488A-A01E-6D107A08E70C}.Debug|Any CPU.Build.0 = Debug|Any CPU
		{8A16B644-ED46-488A-A01E-6D107A08E70C}.Debug|x86.ActiveCfg = Debug|Any CPU
		{8A16B644-ED46-488A-A01E-6D107A08E70C}.Debug|x86.Build.0 = Debug|Any CPU
		{8A16B644-ED46-488A-A01E-6D107A08E70C}.FxCop|Any CPU.ActiveCfg = Debug|Any CPU
		{8A16B644-ED46-488A-A01E-6D107A08E70C}.FxCop|Any CPU.Build.0 = Debug|Any CPU
		{8A16B644-ED46-488A-A01E-6D107A08E70C}.FxCop|x86.ActiveCfg = Debug|Any CPU
		{8A16B644-ED46-488A-A01E-6D107A08E70C}.FxCop|x86.Build.0 = Debug|Any CPU
		{8A16B644-ED46-488A-A01E-6D107A08E70C}.Release|Any CPU.ActiveCfg = Release|Any CPU
		{8A16B644-ED46-488A-A01E-6D107A08E70C}.Release|Any CPU.Build.0 = Release|Any CPU
		{8A16B644-ED46-488A-A01E-6D107A08E70C}.Release|x86.ActiveCfg = Release|Any CPU
		{8A16B644-ED46-488A-A01E-6D107A08E70C}.Release|x86.Build.0 = Release|Any CPU
		{8A16B644-ED46-488A-A01E-6D107A08E70C}.Silverlight3Debug|Any CPU.ActiveCfg = Debug|Any CPU
		{8A16B644-ED46-488A-A01E-6D107A08E70C}.Silverlight3Debug|Any CPU.Build.0 = Debug|Any CPU
		{8A16B644-ED46-488A-A01E-6D107A08E70C}.Silverlight3Debug|x86.ActiveCfg = Debug|Any CPU
		{8A16B644-ED46-488A-A01E-6D107A08E70C}.Silverlight3Debug|x86.Build.0 = Debug|Any CPU
		{8A16B644-ED46-488A-A01E-6D107A08E70C}.Silverlight3Release|Any CPU.ActiveCfg = Release|Any CPU
		{8A16B644-ED46-488A-A01E-6D107A08E70C}.Silverlight3Release|Any CPU.Build.0 = Release|Any CPU
		{8A16B644-ED46-488A-A01E-6D107A08E70C}.Silverlight3Release|x86.ActiveCfg = Release|Any CPU
		{8A16B644-ED46-488A-A01E-6D107A08E70C}.Silverlight3Release|x86.Build.0 = Release|Any CPU
		{8A16B644-ED46-488A-A01E-6D107A08E70C}.Silverlight4Debug|Any CPU.ActiveCfg = Debug|Any CPU
		{8A16B644-ED46-488A-A01E-6D107A08E70C}.Silverlight4Debug|Any CPU.Build.0 = Debug|Any CPU
		{8A16B644-ED46-488A-A01E-6D107A08E70C}.Silverlight4Debug|x86.ActiveCfg = Debug|Any CPU
		{8A16B644-ED46-488A-A01E-6D107A08E70C}.Silverlight4Debug|x86.Build.0 = Debug|Any CPU
		{8A16B644-ED46-488A-A01E-6D107A08E70C}.Silverlight4Release|Any CPU.ActiveCfg = Release|Any CPU
		{8A16B644-ED46-488A-A01E-6D107A08E70C}.Silverlight4Release|Any CPU.Build.0 = Release|Any CPU
		{8A16B644-ED46-488A-A01E-6D107A08E70C}.Silverlight4Release|x86.ActiveCfg = Release|Any CPU
		{8A16B644-ED46-488A-A01E-6D107A08E70C}.Silverlight4Release|x86.Build.0 = Release|Any CPU
		{8A16B644-ED46-488A-A01E-6D107A08E70C}.v2Debug|Any CPU.ActiveCfg = Debug|Any CPU
		{8A16B644-ED46-488A-A01E-6D107A08E70C}.v2Debug|Any CPU.Build.0 = Debug|Any CPU
		{8A16B644-ED46-488A-A01E-6D107A08E70C}.v2Debug|x86.ActiveCfg = Debug|Any CPU
		{8A16B644-ED46-488A-A01E-6D107A08E70C}.v2Debug|x86.Build.0 = Debug|Any CPU
		{8A16B644-ED46-488A-A01E-6D107A08E70C}.v2Release|Any CPU.ActiveCfg = Release|Any CPU
		{8A16B644-ED46-488A-A01E-6D107A08E70C}.v2Release|Any CPU.Build.0 = Release|Any CPU
		{8A16B644-ED46-488A-A01E-6D107A08E70C}.v2Release|x86.ActiveCfg = Release|Any CPU
		{8A16B644-ED46-488A-A01E-6D107A08E70C}.v2Release|x86.Build.0 = Release|Any CPU
	EndGlobalSection
	GlobalSection(SolutionProperties) = preSolution
		HideSolutionNode = FALSE
	EndGlobalSection
	GlobalSection(NestedProjects) = preSolution
		{8103D91B-89D8-4A18-9A40-426992602EA2} = {96092F10-F8B3-437E-9415-73B4D7984255}
		{7F6984B4-EE6D-4E6F-ABB1-E210D7DC4FDD} = {E938645C-A896-4599-8EE7-D3640BE1E351}
		{D6AB587D-A888-4B98-85AC-F15E36F53838} = {92F01127-5D4A-427B-905A-23A961D98C52}
		{166940A1-2C91-4BD0-B72B-A517FBD8BF0B} = {92F01127-5D4A-427B-905A-23A961D98C52}
		{77323B06-15A2-4CF4-8A7A-86EAA2B66498} = {E938645C-A896-4599-8EE7-D3640BE1E351}
		{AA18A245-E342-4368-A474-83178311A742} = {E938645C-A896-4599-8EE7-D3640BE1E351}
		{B17FEFC8-EA7C-4CFA-B46E-B9003CE1F329} = {92F01127-5D4A-427B-905A-23A961D98C52}
		{BBF4E796-17F9-4B55-A144-5CE412991105} = {A6B6A5B5-335A-4515-8535-954DE8A953EF}
		{E938645C-A896-4599-8EE7-D3640BE1E351} = {A9438551-7FB0-4E3E-A6BF-68FBD4B802FA}
		{92F01127-5D4A-427B-905A-23A961D98C52} = {A9438551-7FB0-4E3E-A6BF-68FBD4B802FA}
		{8A16B644-ED46-488A-A01E-6D107A08E70C} = {E938645C-A896-4599-8EE7-D3640BE1E351}
	EndGlobalSection
	GlobalSection(ExtensibilityGlobals) = postSolution
		SolutionGuid = {D3386183-860C-4524-B1B4-6CD7308AE243}
	EndGlobalSection
EndGlobal
